
Microsoft Visual Studio Solution File, Format Version 12.00
# Visual Studio Version 16
VisualStudioVersion = 16.0.30104.148
MinimumVisualStudioVersion = 10.0.40219.1
Project("{9A19103F-16F7-4668-BE54-9A1E7A4F7556}") = "Cursed.FullAuto", "Cursed.FullAuto\Cursed.FullAuto.csproj", "{B5F62FEC-1A3B-4250-B69C-DED8BC82EDD3}"
EndProject
Project("{9A19103F-16F7-4668-BE54-9A1E7A4F7556}") = "Cursed.RemoveAttachmentChecks", "Cursed.RemoveAttachmentChecks\Cursed.RemoveAttachmentChecks.csproj", "{B2CAE1FF-9E74-4436-89B9-B78A96B66DD1}"
EndProject
Project("{9A19103F-16F7-4668-BE54-9A1E7A4F7556}") = "Cursed.RemoveRoundTypeCheck", "Cursed.RemoveRoundTypeCheck\Cursed.RemoveRoundTypeCheck.csproj", "{F7420AAF-E83C-40F7-8362-955C8FD34630}"
EndProject
Project("{9A19103F-16F7-4668-BE54-9A1E7A4F7556}") = "Cursed.UnlockAll", "Cursed.UnlockAll\Cursed.UnlockAll.csproj", "{A2427757-5152-4C20-B465-B3FFD953174A}"
EndProject
Project("{9A19103F-16F7-4668-BE54-9A1E7A4F7556}") = "Cursed.RemoveMagCheck", "Cursed.RemoveMagCheck\Cursed.RemoveMagCheck.csproj", "{16317B6D-C7E0-4A18-A728-D42CA928921E}"
EndProject
Project("{9A19103F-16F7-4668-BE54-9A1E7A4F7556}") = "Cursed.TimeScale", "Cursed.TimeScale\Cursed.TimeScale.csproj", "{D29A2C12-9FAE-4F37-96A7-A6D28DC777AE}"
EndProject
Project("{9A19103F-16F7-4668-BE54-9A1E7A4F7556}") = "Cursed.SuppressAssemblyLoadErrors", "Cursed.SuppressAssemblyLoadErrors\Cursed.SuppressAssemblyLoadErrors.csproj", "{85D8B101-C591-4E1E-A5C9-BCFC8D628FB7}"
EndProject
Project("{9A19103F-16F7-4668-BE54-9A1E7A4F7556}") = "Cursed.BetterBipods", "Cursed.BetterBipods\Cursed.BetterBipods.csproj", "{5E6D06EF-4F24-446D-9A9B-7A46D106A2F6}"
EndProject
Project("{FAE04EC0-301F-11D3-BF4B-00C04F79EFBC}") = "Assembly-CSharp.Cursed.RemoveRoundTypeCheck.mm", "Assembly-CSharp.Cursed.RemoveRoundTypeCheck.mm\Assembly-CSharp.Cursed.RemoveRoundTypeCheck.mm.csproj", "{500078F9-7AE2-4706-9796-7503F48A91EB}"
EndProject
Global
	GlobalSection(SolutionConfigurationPlatforms) = preSolution
		Debug|Any CPU = Debug|Any CPU
		Release|Any CPU = Release|Any CPU
	EndGlobalSection
	GlobalSection(ProjectConfigurationPlatforms) = postSolution
		{B5F62FEC-1A3B-4250-B69C-DED8BC82EDD3}.Debug|Any CPU.ActiveCfg = Debug|Any CPU
		{B5F62FEC-1A3B-4250-B69C-DED8BC82EDD3}.Debug|Any CPU.Build.0 = Debug|Any CPU
		{B5F62FEC-1A3B-4250-B69C-DED8BC82EDD3}.Release|Any CPU.ActiveCfg = Release|Any CPU
		{B5F62FEC-1A3B-4250-B69C-DED8BC82EDD3}.Release|Any CPU.Build.0 = Release|Any CPU
		{B2CAE1FF-9E74-4436-89B9-B78A96B66DD1}.Debug|Any CPU.ActiveCfg = Debug|Any CPU
		{B2CAE1FF-9E74-4436-89B9-B78A96B66DD1}.Debug|Any CPU.Build.0 = Debug|Any CPU
		{B2CAE1FF-9E74-4436-89B9-B78A96B66DD1}.Release|Any CPU.ActiveCfg = Release|Any CPU
		{B2CAE1FF-9E74-4436-89B9-B78A96B66DD1}.Release|Any CPU.Build.0 = Release|Any CPU
		{F7420AAF-E83C-40F7-8362-955C8FD34630}.Debug|Any CPU.ActiveCfg = Debug|Any CPU
		{F7420AAF-E83C-40F7-8362-955C8FD34630}.Debug|Any CPU.Build.0 = Debug|Any CPU
		{F7420AAF-E83C-40F7-8362-955C8FD34630}.Release|Any CPU.ActiveCfg = Release|Any CPU
		{F7420AAF-E83C-40F7-8362-955C8FD34630}.Release|Any CPU.Build.0 = Release|Any CPU
		{A2427757-5152-4C20-B465-B3FFD953174A}.Debug|Any CPU.ActiveCfg = Debug|Any CPU
		{A2427757-5152-4C20-B465-B3FFD953174A}.Debug|Any CPU.Build.0 = Debug|Any CPU
		{A2427757-5152-4C20-B465-B3FFD953174A}.Release|Any CPU.ActiveCfg = Release|Any CPU
		{A2427757-5152-4C20-B465-B3FFD953174A}.Release|Any CPU.Build.0 = Release|Any CPU
		{16317B6D-C7E0-4A18-A728-D42CA928921E}.Debug|Any CPU.ActiveCfg = Debug|Any CPU
		{16317B6D-C7E0-4A18-A728-D42CA928921E}.Debug|Any CPU.Build.0 = Debug|Any CPU
		{16317B6D-C7E0-4A18-A728-D42CA928921E}.Release|Any CPU.ActiveCfg = Release|Any CPU
		{16317B6D-C7E0-4A18-A728-D42CA928921E}.Release|Any CPU.Build.0 = Release|Any CPU
		{D29A2C12-9FAE-4F37-96A7-A6D28DC777AE}.Debug|Any CPU.ActiveCfg = Debug|Any CPU
		{D29A2C12-9FAE-4F37-96A7-A6D28DC777AE}.Debug|Any CPU.Build.0 = Debug|Any CPU
		{D29A2C12-9FAE-4F37-96A7-A6D28DC777AE}.Release|Any CPU.ActiveCfg = Release|Any CPU
		{D29A2C12-9FAE-4F37-96A7-A6D28DC777AE}.Release|Any CPU.Build.0 = Release|Any CPU
		{85D8B101-C591-4E1E-A5C9-BCFC8D628FB7}.Debug|Any CPU.ActiveCfg = Debug|Any CPU
		{85D8B101-C591-4E1E-A5C9-BCFC8D628FB7}.Debug|Any CPU.Build.0 = Debug|Any CPU
		{85D8B101-C591-4E1E-A5C9-BCFC8D628FB7}.Release|Any CPU.ActiveCfg = Release|Any CPU
		{85D8B101-C591-4E1E-A5C9-BCFC8D628FB7}.Release|Any CPU.Build.0 = Release|Any CPU
		{5E6D06EF-4F24-446D-9A9B-7A46D106A2F6}.Debug|Any CPU.ActiveCfg = Debug|Any CPU
		{5E6D06EF-4F24-446D-9A9B-7A46D106A2F6}.Debug|Any CPU.Build.0 = Debug|Any CPU
		{5E6D06EF-4F24-446D-9A9B-7A46D106A2F6}.Release|Any CPU.ActiveCfg = Release|Any CPU
		{5E6D06EF-4F24-446D-9A9B-7A46D106A2F6}.Release|Any CPU.Build.0 = Release|Any CPU
		{500078F9-7AE2-4706-9796-7503F48A91EB}.Debug|Any CPU.ActiveCfg = Debug|Any CPU
		{500078F9-7AE2-4706-9796-7503F48A91EB}.Debug|Any CPU.Build.0 = Debug|Any CPU
		{500078F9-7AE2-4706-9796-7503F48A91EB}.Release|Any CPU.ActiveCfg = Release|Any CPU
		{500078F9-7AE2-4706-9796-7503F48A91EB}.Release|Any CPU.Build.0 = Release|Any CPU
	EndGlobalSection
	GlobalSection(SolutionProperties) = preSolution
		HideSolutionNode = FALSE
	EndGlobalSection
	GlobalSection(ExtensibilityGlobals) = postSolution
		SolutionGuid = {E938B7EE-D647-4104-A829-767F4D43E3F1}
	EndGlobalSection
EndGlobal
