
Microsoft Visual Studio Solution File, Format Version 12.00
# Visual Studio Version 16
VisualStudioVersion = 16.0.30104.148
MinimumVisualStudioVersion = 10.0.40219.1
Project("{FAE04EC0-301F-11D3-BF4B-00C04F79EFBC}") = "Cursed.RemoveMagCheck", "Cursed.RemoveMagCheck\Cursed.RemoveMagCheck.csproj", "{ECA4D74A-B8F6-436F-A0B1-308A9AA10BE4}"
EndProject
Project("{FAE04EC0-301F-11D3-BF4B-00C04F79EFBC}") = "Cursed.FullAuto", "Cursed.FullAuto\Cursed.FullAuto.csproj", "{1A516EE9-D325-438B-AE5E-ECC3F5F24490}"
EndProject
Project("{FAE04EC0-301F-11D3-BF4B-00C04F79EFBC}") = "Cursed.TimeScale", "Cursed.TimeScale\Cursed.TimeScale.csproj", "{0D20973B-F205-43A2-8EF3-2D1CBD09FED0}"
EndProject
Project("{FAE04EC0-301F-11D3-BF4B-00C04F79EFBC}") = "Cursed.RemoveRoundTypeCheck", "Cursed.RemoveRoundTypeCheck\Cursed.RemoveRoundTypeCheck.csproj", "{63EE5053-E9F0-4871-BA6B-50E9B0273834}"
EndProject
Project("{FAE04EC0-301F-11D3-BF4B-00C04F79EFBC}") = "Cursed.UnlockAll", "Cursed.UnlockAll\Cursed.UnlockAll.csproj", "{764CC0F1-0FDF-4530-BBC8-36549A9B99BE}"
EndProject
Global
	GlobalSection(SolutionConfigurationPlatforms) = preSolution
		Debug|Any CPU = Debug|Any CPU
		Release|Any CPU = Release|Any CPU
	EndGlobalSection
	GlobalSection(ProjectConfigurationPlatforms) = postSolution
		{ECA4D74A-B8F6-436F-A0B1-308A9AA10BE4}.Debug|Any CPU.ActiveCfg = Debug|Any CPU
		{ECA4D74A-B8F6-436F-A0B1-308A9AA10BE4}.Debug|Any CPU.Build.0 = Debug|Any CPU
		{ECA4D74A-B8F6-436F-A0B1-308A9AA10BE4}.Release|Any CPU.ActiveCfg = Release|Any CPU
		{ECA4D74A-B8F6-436F-A0B1-308A9AA10BE4}.Release|Any CPU.Build.0 = Release|Any CPU
		{1A516EE9-D325-438B-AE5E-ECC3F5F24490}.Debug|Any CPU.ActiveCfg = Debug|Any CPU
		{1A516EE9-D325-438B-AE5E-ECC3F5F24490}.Debug|Any CPU.Build.0 = Debug|Any CPU
		{1A516EE9-D325-438B-AE5E-ECC3F5F24490}.Release|Any CPU.ActiveCfg = Release|Any CPU
		{1A516EE9-D325-438B-AE5E-ECC3F5F24490}.Release|Any CPU.Build.0 = Release|Any CPU
		{0D20973B-F205-43A2-8EF3-2D1CBD09FED0}.Debug|Any CPU.ActiveCfg = Debug|Any CPU
		{0D20973B-F205-43A2-8EF3-2D1CBD09FED0}.Debug|Any CPU.Build.0 = Debug|Any CPU
		{0D20973B-F205-43A2-8EF3-2D1CBD09FED0}.Release|Any CPU.ActiveCfg = Release|Any CPU
		{0D20973B-F205-43A2-8EF3-2D1CBD09FED0}.Release|Any CPU.Build.0 = Release|Any CPU
		{63EE5053-E9F0-4871-BA6B-50E9B0273834}.Debug|Any CPU.ActiveCfg = Debug|Any CPU
		{63EE5053-E9F0-4871-BA6B-50E9B0273834}.Debug|Any CPU.Build.0 = Debug|Any CPU
		{63EE5053-E9F0-4871-BA6B-50E9B0273834}.Release|Any CPU.ActiveCfg = Release|Any CPU
		{63EE5053-E9F0-4871-BA6B-50E9B0273834}.Release|Any CPU.Build.0 = Release|Any CPU
		{764CC0F1-0FDF-4530-BBC8-36549A9B99BE}.Debug|Any CPU.ActiveCfg = Debug|Any CPU
		{764CC0F1-0FDF-4530-BBC8-36549A9B99BE}.Debug|Any CPU.Build.0 = Debug|Any CPU
		{764CC0F1-0FDF-4530-BBC8-36549A9B99BE}.Release|Any CPU.ActiveCfg = Release|Any CPU
		{764CC0F1-0FDF-4530-BBC8-36549A9B99BE}.Release|Any CPU.Build.0 = Release|Any CPU
	EndGlobalSection
	GlobalSection(SolutionProperties) = preSolution
		HideSolutionNode = FALSE
	EndGlobalSection
	GlobalSection(ExtensibilityGlobals) = postSolution
		SolutionGuid = {E938B7EE-D647-4104-A829-767F4D43E3F1}
	EndGlobalSection
EndGlobal
